
Microsoft Visual Studio Solution File, Format Version 12.00
# Visual Studio Version 16
VisualStudioVersion = 16.0.30804.86
MinimumVisualStudioVersion = 10.0.40219.1
Project("{8BC9CEB8-8B4A-11D0-8D11-00A0C91BC942}") = "オワタ", "オワタ.vcxproj", "{064E776F-AE10-4666-A94A-E3EF2B5D5703}"
EndProject
Global
	GlobalSection(SolutionConfigurationPlatforms) = preSolution
		Debug|x64 = Debug|x64
		Debug|x86 = Debug|x86
		Release|x64 = Release|x64
		Release|x86 = Release|x86
	EndGlobalSection
	GlobalSection(ProjectConfigurationPlatforms) = postSolution
		{064E776F-AE10-4666-A94A-E3EF2B5D5703}.Debug|x64.ActiveCfg = Debug|x64
		{064E776F-AE10-4666-A94A-E3EF2B5D5703}.Debug|x64.Build.0 = Debug|x64
		{064E776F-AE10-4666-A94A-E3EF2B5D5703}.Debug|x86.ActiveCfg = Debug|Win32
		{064E776F-AE10-4666-A94A-E3EF2B5D5703}.Debug|x86.Build.0 = Debug|Win32
		{064E776F-AE10-4666-A94A-E3EF2B5D5703}.Release|x64.ActiveCfg = Release|x64
		{064E776F-AE10-4666-A94A-E3EF2B5D5703}.Release|x64.Build.0 = Release|x64
		{064E776F-AE10-4666-A94A-E3EF2B5D5703}.Release|x86.ActiveCfg = Release|Win32
		{064E776F-AE10-4666-A94A-E3EF2B5D5703}.Release|x86.Build.0 = Release|Win32
	EndGlobalSection
	GlobalSection(SolutionProperties) = preSolution
		HideSolutionNode = FALSE
	EndGlobalSection
	GlobalSection(ExtensibilityGlobals) = postSolution
		SolutionGuid = {72A0E130-CB67-42B4-89C8-DE5E65363E65}
	EndGlobalSection
EndGlobal
